// !$*UTF8*$!
{
	archiveVersion = 1;
	classes = {
	};
	objectVersion = 50;
	objects = {

/* Begin PBXBuildFile section */
		C42907C3220DF2F900FC2D07 /* AppDelegate.swift in Sources */ = {isa = PBXBuildFile; fileRef = C42907C2220DF2F900FC2D07 /* AppDelegate.swift */; };
		C42907C5220DF2F900FC2D07 /* ViewController.swift in Sources */ = {isa = PBXBuildFile; fileRef = C42907C4220DF2F900FC2D07 /* ViewController.swift */; };
		C42907C8220DF2F900FC2D07 /* Main.storyboard in Resources */ = {isa = PBXBuildFile; fileRef = C42907C6220DF2F900FC2D07 /* Main.storyboard */; };
		C42907CA220DF2FB00FC2D07 /* Assets.xcassets in Resources */ = {isa = PBXBuildFile; fileRef = C42907C9220DF2FB00FC2D07 /* Assets.xcassets */; };
		C42907CD220DF2FB00FC2D07 /* LaunchScreen.storyboard in Resources */ = {isa = PBXBuildFile; fileRef = C42907CB220DF2FB00FC2D07 /* LaunchScreen.storyboard */; };
		C42907D8220DF2FB00FC2D07 /* BottomSheetTests.swift in Sources */ = {isa = PBXBuildFile; fileRef = C42907D7220DF2FB00FC2D07 /* BottomSheetTests.swift */; };
		C42907F8220F2A6700FC2D07 /* BottomSheetViewController.swift in Sources */ = {isa = PBXBuildFile; fileRef = C42907F7220F2A6700FC2D07 /* BottomSheetViewController.swift */; };
		C42907FA220F2DCE00FC2D07 /* ContentOffsetDynamicItem.swift in Sources */ = {isa = PBXBuildFile; fileRef = C42907F9220F2DCE00FC2D07 /* ContentOffsetDynamicItem.swift */; };
		C42907FC22119EFC00FC2D07 /* FooCollectionViewCell.swift in Sources */ = {isa = PBXBuildFile; fileRef = C42907FB22119EFC00FC2D07 /* FooCollectionViewCell.swift */; };
		C42907FE2211A08F00FC2D07 /* BackgroundView.swift in Sources */ = {isa = PBXBuildFile; fileRef = C42907FD2211A08F00FC2D07 /* BackgroundView.swift */; };
/* End PBXBuildFile section */

/* Begin PBXContainerItemProxy section */
		C42907D4220DF2FB00FC2D07 /* PBXContainerItemProxy */ = {
			isa = PBXContainerItemProxy;
			containerPortal = C42907B7220DF2F900FC2D07 /* Project object */;
			proxyType = 1;
			remoteGlobalIDString = C42907BE220DF2F900FC2D07;
			remoteInfo = BottomSheet;
		};
/* End PBXContainerItemProxy section */

/* Begin PBXFileReference section */
		C42907BF220DF2F900FC2D07 /* BottomSheet.app */ = {isa = PBXFileReference; explicitFileType = wrapper.application; includeInIndex = 0; path = BottomSheet.app; sourceTree = BUILT_PRODUCTS_DIR; };
		C42907C2220DF2F900FC2D07 /* AppDelegate.swift */ = {isa = PBXFileReference; lastKnownFileType = sourcecode.swift; path = AppDelegate.swift; sourceTree = "<group>"; };
		C42907C4220DF2F900FC2D07 /* ViewController.swift */ = {isa = PBXFileReference; lastKnownFileType = sourcecode.swift; path = ViewController.swift; sourceTree = "<group>"; };
		C42907C7220DF2F900FC2D07 /* Base */ = {isa = PBXFileReference; lastKnownFileType = file.storyboard; name = Base; path = Base.lproj/Main.storyboard; sourceTree = "<group>"; };
		C42907C9220DF2FB00FC2D07 /* Assets.xcassets */ = {isa = PBXFileReference; lastKnownFileType = folder.assetcatalog; path = Assets.xcassets; sourceTree = "<group>"; };
		C42907CC220DF2FB00FC2D07 /* Base */ = {isa = PBXFileReference; lastKnownFileType = file.storyboard; name = Base; path = Base.lproj/LaunchScreen.storyboard; sourceTree = "<group>"; };
		C42907CE220DF2FB00FC2D07 /* Info.plist */ = {isa = PBXFileReference; lastKnownFileType = text.plist.xml; path = Info.plist; sourceTree = "<group>"; };
		C42907D3220DF2FB00FC2D07 /* BottomSheetTests.xctest */ = {isa = PBXFileReference; explicitFileType = wrapper.cfbundle; includeInIndex = 0; path = BottomSheetTests.xctest; sourceTree = BUILT_PRODUCTS_DIR; };
		C42907D7220DF2FB00FC2D07 /* BottomSheetTests.swift */ = {isa = PBXFileReference; lastKnownFileType = sourcecode.swift; path = BottomSheetTests.swift; sourceTree = "<group>"; };
		C42907D9220DF2FB00FC2D07 /* Info.plist */ = {isa = PBXFileReference; lastKnownFileType = text.plist.xml; path = Info.plist; sourceTree = "<group>"; };
		C42907F7220F2A6700FC2D07 /* BottomSheetViewController.swift */ = {isa = PBXFileReference; lastKnownFileType = sourcecode.swift; path = BottomSheetViewController.swift; sourceTree = "<group>"; };
		C42907F9220F2DCE00FC2D07 /* ContentOffsetDynamicItem.swift */ = {isa = PBXFileReference; lastKnownFileType = sourcecode.swift; path = ContentOffsetDynamicItem.swift; sourceTree = "<group>"; };
		C42907FB22119EFC00FC2D07 /* FooCollectionViewCell.swift */ = {isa = PBXFileReference; lastKnownFileType = sourcecode.swift; path = FooCollectionViewCell.swift; sourceTree = "<group>"; };
		C42907FD2211A08F00FC2D07 /* BackgroundView.swift */ = {isa = PBXFileReference; lastKnownFileType = sourcecode.swift; path = BackgroundView.swift; sourceTree = "<group>"; };
/* End PBXFileReference section */

/* Begin PBXFrameworksBuildPhase section */
		C42907BC220DF2F900FC2D07 /* Frameworks */ = {
			isa = PBXFrameworksBuildPhase;
			buildActionMask = 2147483647;
			files = (
			);
			runOnlyForDeploymentPostprocessing = 0;
		};
		C42907D0220DF2FB00FC2D07 /* Frameworks */ = {
			isa = PBXFrameworksBuildPhase;
			buildActionMask = 2147483647;
			files = (
			);
			runOnlyForDeploymentPostprocessing = 0;
		};
/* End PBXFrameworksBuildPhase section */

/* Begin PBXGroup section */
		C42907B6220DF2F900FC2D07 = {
			isa = PBXGroup;
			children = (
				C42907C1220DF2F900FC2D07 /* BottomSheet */,
				C42907D6220DF2FB00FC2D07 /* BottomSheetTests */,
				C42907C0220DF2F900FC2D07 /* Products */,
			);
			sourceTree = "<group>";
		};
		C42907C0220DF2F900FC2D07 /* Products */ = {
			isa = PBXGroup;
			children = (
				C42907BF220DF2F900FC2D07 /* BottomSheet.app */,
				C42907D3220DF2FB00FC2D07 /* BottomSheetTests.xctest */,
			);
			name = Products;
			sourceTree = "<group>";
		};
		C42907C1220DF2F900FC2D07 /* BottomSheet */ = {
			isa = PBXGroup;
			children = (
				C42907E2220DF47F00FC2D07 /* Source */,
				C42907C2220DF2F900FC2D07 /* AppDelegate.swift */,
				C42907C4220DF2F900FC2D07 /* ViewController.swift */,
				C42907C6220DF2F900FC2D07 /* Main.storyboard */,
				C42907C9220DF2FB00FC2D07 /* Assets.xcassets */,
				C42907CB220DF2FB00FC2D07 /* LaunchScreen.storyboard */,
				C42907CE220DF2FB00FC2D07 /* Info.plist */,
			);
			path = BottomSheet;
			sourceTree = "<group>";
		};
		C42907D6220DF2FB00FC2D07 /* BottomSheetTests */ = {
			isa = PBXGroup;
			children = (
				C42907D7220DF2FB00FC2D07 /* BottomSheetTests.swift */,
				C42907D9220DF2FB00FC2D07 /* Info.plist */,
			);
			path = BottomSheetTests;
			sourceTree = "<group>";
		};
		C42907E2220DF47F00FC2D07 /* Source */ = {
			isa = PBXGroup;
			children = (
				C42907F7220F2A6700FC2D07 /* BottomSheetViewController.swift */,
				C42907F9220F2DCE00FC2D07 /* ContentOffsetDynamicItem.swift */,
				C42907FB22119EFC00FC2D07 /* FooCollectionViewCell.swift */,
				C42907FD2211A08F00FC2D07 /* BackgroundView.swift */,
			);
			path = Source;
			sourceTree = "<group>";
		};
/* End PBXGroup section */

/* Begin PBXNativeTarget section */
		C42907BE220DF2F900FC2D07 /* BottomSheet */ = {
			isa = PBXNativeTarget;
			buildConfigurationList = C42907DC220DF2FB00FC2D07 /* Build configuration list for PBXNativeTarget "BottomSheet" */;
			buildPhases = (
				C42907BB220DF2F900FC2D07 /* Sources */,
				C42907BC220DF2F900FC2D07 /* Frameworks */,
				C42907BD220DF2F900FC2D07 /* Resources */,
			);
			buildRules = (
			);
			dependencies = (
			);
			name = BottomSheet;
			productName = BottomSheet;
			productReference = C42907BF220DF2F900FC2D07 /* BottomSheet.app */;
			productType = "com.apple.product-type.application";
		};
		C42907D2220DF2FB00FC2D07 /* BottomSheetTests */ = {
			isa = PBXNativeTarget;
			buildConfigurationList = C42907DF220DF2FB00FC2D07 /* Build configuration list for PBXNativeTarget "BottomSheetTests" */;
			buildPhases = (
				C42907CF220DF2FB00FC2D07 /* Sources */,
				C42907D0220DF2FB00FC2D07 /* Frameworks */,
				C42907D1220DF2FB00FC2D07 /* Resources */,
			);
			buildRules = (
			);
			dependencies = (
				C42907D5220DF2FB00FC2D07 /* PBXTargetDependency */,
			);
			name = BottomSheetTests;
			productName = BottomSheetTests;
			productReference = C42907D3220DF2FB00FC2D07 /* BottomSheetTests.xctest */;
			productType = "com.apple.product-type.bundle.unit-test";
		};
/* End PBXNativeTarget section */

/* Begin PBXProject section */
		C42907B7220DF2F900FC2D07 /* Project object */ = {
			isa = PBXProject;
			attributes = {
				LastSwiftUpdateCheck = 1010;
				LastUpgradeCheck = 1010;
				ORGANIZATIONNAME = "farhad jebelli";
				TargetAttributes = {
					C42907BE220DF2F900FC2D07 = {
						CreatedOnToolsVersion = 10.1;
					};
					C42907D2220DF2FB00FC2D07 = {
						CreatedOnToolsVersion = 10.1;
						TestTargetID = C42907BE220DF2F900FC2D07;
					};
				};
			};
			buildConfigurationList = C42907BA220DF2F900FC2D07 /* Build configuration list for PBXProject "BottomSheet" */;
			compatibilityVersion = "Xcode 9.3";
			developmentRegion = en;
			hasScannedForEncodings = 0;
			knownRegions = (
				en,
				Base,
			);
			mainGroup = C42907B6220DF2F900FC2D07;
			productRefGroup = C42907C0220DF2F900FC2D07 /* Products */;
			projectDirPath = "";
			projectRoot = "";
			targets = (
				C42907BE220DF2F900FC2D07 /* BottomSheet */,
				C42907D2220DF2FB00FC2D07 /* BottomSheetTests */,
			);
		};
/* End PBXProject section */

/* Begin PBXResourcesBuildPhase section */
		C42907BD220DF2F900FC2D07 /* Resources */ = {
			isa = PBXResourcesBuildPhase;
			buildActionMask = 2147483647;
			files = (
				C42907CD220DF2FB00FC2D07 /* LaunchScreen.storyboard in Resources */,
				C42907CA220DF2FB00FC2D07 /* Assets.xcassets in Resources */,
				C42907C8220DF2F900FC2D07 /* Main.storyboard in Resources */,
			);
			runOnlyForDeploymentPostprocessing = 0;
		};
		C42907D1220DF2FB00FC2D07 /* Resources */ = {
			isa = PBXResourcesBuildPhase;
			buildActionMask = 2147483647;
			files = (
			);
			runOnlyForDeploymentPostprocessing = 0;
		};
/* End PBXResourcesBuildPhase section */

/* Begin PBXSourcesBuildPhase section */
		C42907BB220DF2F900FC2D07 /* Sources */ = {
			isa = PBXSourcesBuildPhase;
			buildActionMask = 2147483647;
			files = (
				C42907FE2211A08F00FC2D07 /* BackgroundView.swift in Sources */,
				C42907FC22119EFC00FC2D07 /* FooCollectionViewCell.swift in Sources */,
				C42907C5220DF2F900FC2D07 /* ViewController.swift in Sources */,
				C42907C3220DF2F900FC2D07 /* AppDelegate.swift in Sources */,
				C42907F8220F2A6700FC2D07 /* BottomSheetViewController.swift in Sources */,
				C42907FA220F2DCE00FC2D07 /* ContentOffsetDynamicItem.swift in Sources */,
			);
			runOnlyForDeploymentPostprocessing = 0;
		};
		C42907CF220DF2FB00FC2D07 /* Sources */ = {
			isa = PBXSourcesBuildPhase;
			buildActionMask = 2147483647;
			files = (
				C42907D8220DF2FB00FC2D07 /* BottomSheetTests.swift in Sources */,
			);
			runOnlyForDeploymentPostprocessing = 0;
		};
/* End PBXSourcesBuildPhase section */

/* Begin PBXTargetDependency section */
		C42907D5220DF2FB00FC2D07 /* PBXTargetDependency */ = {
			isa = PBXTargetDependency;
			target = C42907BE220DF2F900FC2D07 /* BottomSheet */;
			targetProxy = C42907D4220DF2FB00FC2D07 /* PBXContainerItemProxy */;
		};
/* End PBXTargetDependency section */

/* Begin PBXVariantGroup section */
		C42907C6220DF2F900FC2D07 /* Main.storyboard */ = {
			isa = PBXVariantGroup;
			children = (
				C42907C7220DF2F900FC2D07 /* Base */,
			);
			name = Main.storyboard;
			sourceTree = "<group>";
		};
		C42907CB220DF2FB00FC2D07 /* LaunchScreen.storyboard */ = {
			isa = PBXVariantGroup;
			children = (
				C42907CC220DF2FB00FC2D07 /* Base */,
			);
			name = LaunchScreen.storyboard;
			sourceTree = "<group>";
		};
/* End PBXVariantGroup section */

/* Begin XCBuildConfiguration section */
		C42907DA220DF2FB00FC2D07 /* Debug */ = {
			isa = XCBuildConfiguration;
			buildSettings = {
				ALWAYS_SEARCH_USER_PATHS = NO;
				CLANG_ANALYZER_NONNULL = YES;
				CLANG_ANALYZER_NUMBER_OBJECT_CONVERSION = YES_AGGRESSIVE;
				CLANG_CXX_LANGUAGE_STANDARD = "gnu++14";
				CLANG_CXX_LIBRARY = "libc++";
				CLANG_ENABLE_MODULES = YES;
				CLANG_ENABLE_OBJC_ARC = YES;
				CLANG_ENABLE_OBJC_WEAK = YES;
				CLANG_WARN_BLOCK_CAPTURE_AUTORELEASING = YES;
				CLANG_WARN_BOOL_CONVERSION = YES;
				CLANG_WARN_COMMA = YES;
				CLANG_WARN_CONSTANT_CONVERSION = YES;
				CLANG_WARN_DEPRECATED_OBJC_IMPLEMENTATIONS = YES;
				CLANG_WARN_DIRECT_OBJC_ISA_USAGE = YES_ERROR;
				CLANG_WARN_DOCUMENTATION_COMMENTS = YES;
				CLANG_WARN_EMPTY_BODY = YES;
				CLANG_WARN_ENUM_CONVERSION = YES;
				CLANG_WARN_INFINITE_RECURSION = YES;
				CLANG_WARN_INT_CONVERSION = YES;
				CLANG_WARN_NON_LITERAL_NULL_CONVERSION = YES;
				CLANG_WARN_OBJC_IMPLICIT_RETAIN_SELF = YES;
				CLANG_WARN_OBJC_LITERAL_CONVERSION = YES;
				CLANG_WARN_OBJC_ROOT_CLASS = YES_ERROR;
				CLANG_WARN_RANGE_LOOP_ANALYSIS = YES;
				CLANG_WARN_STRICT_PROTOTYPES = YES;
				CLANG_WARN_SUSPICIOUS_MOVE = YES;
				CLANG_WARN_UNGUARDED_AVAILABILITY = YES_AGGRESSIVE;
				CLANG_WARN_UNREACHABLE_CODE = YES;
				CLANG_WARN__DUPLICATE_METHOD_MATCH = YES;
				CODE_SIGN_IDENTITY = "iPhone Developer";
				COPY_PHASE_STRIP = NO;
				DEBUG_INFORMATION_FORMAT = dwarf;
				ENABLE_STRICT_OBJC_MSGSEND = YES;
				ENABLE_TESTABILITY = YES;
				GCC_C_LANGUAGE_STANDARD = gnu11;
				GCC_DYNAMIC_NO_PIC = NO;
				GCC_NO_COMMON_BLOCKS = YES;
				GCC_OPTIMIZATION_LEVEL = 0;
				GCC_PREPROCESSOR_DEFINITIONS = (
					"DEBUG=1",
					"$(inherited)",
				);
				GCC_WARN_64_TO_32_BIT_CONVERSION = YES;
				GCC_WARN_ABOUT_RETURN_TYPE = YES_ERROR;
				GCC_WARN_UNDECLARED_SELECTOR = YES;
				GCC_WARN_UNINITIALIZED_AUTOS = YES_AGGRESSIVE;
				GCC_WARN_UNUSED_FUNCTION = YES;
				GCC_WARN_UNUSED_VARIABLE = YES;
				IPHONEOS_DEPLOYMENT_TARGET = 12.1;
				MTL_ENABLE_DEBUG_INFO = INCLUDE_SOURCE;
				MTL_FAST_MATH = YES;
				ONLY_ACTIVE_ARCH = YES;
				SDKROOT = iphoneos;
				SWIFT_ACTIVE_COMPILATION_CONDITIONS = DEBUG;
				SWIFT_OPTIMIZATION_LEVEL = "-Onone";
			};
			name = Debug;
		};
		C42907DB220DF2FB00FC2D07 /* Release */ = {
			isa = XCBuildConfiguration;
			buildSettings = {
				ALWAYS_SEARCH_USER_PATHS = NO;
				CLANG_ANALYZER_NONNULL = YES;
				CLANG_ANALYZER_NUMBER_OBJECT_CONVERSION = YES_AGGRESSIVE;
				CLANG_CXX_LANGUAGE_STANDARD = "gnu++14";
				CLANG_CXX_LIBRARY = "libc++";
				CLANG_ENABLE_MODULES = YES;
				CLANG_ENABLE_OBJC_ARC = YES;
				CLANG_ENABLE_OBJC_WEAK = YES;
				CLANG_WARN_BLOCK_CAPTURE_AUTORELEASING = YES;
				CLANG_WARN_BOOL_CONVERSION = YES;
				CLANG_WARN_COMMA = YES;
				CLANG_WARN_CONSTANT_CONVERSION = YES;
				CLANG_WARN_DEPRECATED_OBJC_IMPLEMENTATIONS = YES;
				CLANG_WARN_DIRECT_OBJC_ISA_USAGE = YES_ERROR;
				CLANG_WARN_DOCUMENTATION_COMMENTS = YES;
				CLANG_WARN_EMPTY_BODY = YES;
				CLANG_WARN_ENUM_CONVERSION = YES;
				CLANG_WARN_INFINITE_RECURSION = YES;
				CLANG_WARN_INT_CONVERSION = YES;
				CLANG_WARN_NON_LITERAL_NULL_CONVERSION = YES;
				CLANG_WARN_OBJC_IMPLICIT_RETAIN_SELF = YES;
				CLANG_WARN_OBJC_LITERAL_CONVERSION = YES;
				CLANG_WARN_OBJC_ROOT_CLASS = YES_ERROR;
				CLANG_WARN_RANGE_LOOP_ANALYSIS = YES;
				CLANG_WARN_STRICT_PROTOTYPES = YES;
				CLANG_WARN_SUSPICIOUS_MOVE = YES;
				CLANG_WARN_UNGUARDED_AVAILABILITY = YES_AGGRESSIVE;
				CLANG_WARN_UNREACHABLE_CODE = YES;
				CLANG_WARN__DUPLICATE_METHOD_MATCH = YES;
				CODE_SIGN_IDENTITY = "iPhone Developer";
				COPY_PHASE_STRIP = NO;
				DEBUG_INFORMATION_FORMAT = "dwarf-with-dsym";
				ENABLE_NS_ASSERTIONS = NO;
				ENABLE_STRICT_OBJC_MSGSEND = YES;
				GCC_C_LANGUAGE_STANDARD = gnu11;
				GCC_NO_COMMON_BLOCKS = YES;
				GCC_WARN_64_TO_32_BIT_CONVERSION = YES;
				GCC_WARN_ABOUT_RETURN_TYPE = YES_ERROR;
				GCC_WARN_UNDECLARED_SELECTOR = YES;
				GCC_WARN_UNINITIALIZED_AUTOS = YES_AGGRESSIVE;
				GCC_WARN_UNUSED_FUNCTION = YES;
				GCC_WARN_UNUSED_VARIABLE = YES;
				IPHONEOS_DEPLOYMENT_TARGET = 12.1;
				MTL_ENABLE_DEBUG_INFO = NO;
				MTL_FAST_MATH = YES;
				SDKROOT = iphoneos;
				SWIFT_COMPILATION_MODE = wholemodule;
				SWIFT_OPTIMIZATION_LEVEL = "-O";
				VALIDATE_PRODUCT = YES;
			};
			name = Release;
		};
		C42907DD220DF2FB00FC2D07 /* Debug */ = {
			isa = XCBuildConfiguration;
			buildSettings = {
				ASSETCATALOG_COMPILER_APPICON_NAME = AppIcon;
				CODE_SIGN_IDENTITY = "iPhone Developer";
				CODE_SIGN_STYLE = Automatic;
				DEVELOPMENT_TEAM = 3LEWJWUP2S;
				INFOPLIST_FILE = BottomSheet/Info.plist;
				LD_RUNPATH_SEARCH_PATHS = (
					"$(inherited)",
					"@executable_path/Frameworks",
				);
				PRODUCT_BUNDLE_IDENTIFIER = snappFA.BottomSheet;
				PRODUCT_NAME = "$(TARGET_NAME)";
				PROVISIONING_PROFILE_SPECIFIER = "";
				SWIFT_VERSION = 4.2;
				TARGETED_DEVICE_FAMILY = "1,2";
			};
			name = Debug;
		};
		C42907DE220DF2FB00FC2D07 /* Release */ = {
			isa = XCBuildConfiguration;
			buildSettings = {
				ASSETCATALOG_COMPILER_APPICON_NAME = AppIcon;
				CODE_SIGN_IDENTITY = "iPhone Developer";
				CODE_SIGN_STYLE = Automatic;
				DEVELOPMENT_TEAM = 3LEWJWUP2S;
				INFOPLIST_FILE = BottomSheet/Info.plist;
				LD_RUNPATH_SEARCH_PATHS = (
					"$(inherited)",
					"@executable_path/Frameworks",
				);
				PRODUCT_BUNDLE_IDENTIFIER = snappFA.BottomSheet;
				PRODUCT_NAME = "$(TARGET_NAME)";
				PROVISIONING_PROFILE_SPECIFIER = "";
				SWIFT_VERSION = 4.2;
				TARGETED_DEVICE_FAMILY = "1,2";
			};
			name = Release;
		};
		C42907E0220DF2FB00FC2D07 /* Debug */ = {
			isa = XCBuildConfiguration;
			buildSettings = {
				ALWAYS_EMBED_SWIFT_STANDARD_LIBRARIES = YES;
				BUNDLE_LOADER = "$(TEST_HOST)";
				CODE_SIGN_STYLE = Automatic;
				DEVELOPMENT_TEAM = 3LEWJWUP2S;
				INFOPLIST_FILE = BottomSheetTests/Info.plist;
				LD_RUNPATH_SEARCH_PATHS = (
					"$(inherited)",
					"@executable_path/Frameworks",
					"@loader_path/Frameworks",
				);
				PRODUCT_BUNDLE_IDENTIFIER = snappFA.BottomSheetTests;
				PRODUCT_NAME = "$(TARGET_NAME)";
				SWIFT_VERSION = 4.2;
				TARGETED_DEVICE_FAMILY = "1,2";
				TEST_HOST = "$(BUILT_PRODUCTS_DIR)/BottomSheet.app/BottomSheet";
			};
			name = Debug;
		};
		C42907E1220DF2FB00FC2D07 /* Release */ = {
			isa = XCBuildConfiguration;
			buildSettings = {
				ALWAYS_EMBED_SWIFT_STANDARD_LIBRARIES = YES;
				BUNDLE_LOADER = "$(TEST_HOST)";
				CODE_SIGN_STYLE = Automatic;
				DEVELOPMENT_TEAM = 3LEWJWUP2S;
				INFOPLIST_FILE = BottomSheetTests/Info.plist;
				LD_RUNPATH_SEARCH_PATHS = (
					"$(inherited)",
					"@executable_path/Frameworks",
					"@loader_path/Frameworks",
				);
				PRODUCT_BUNDLE_IDENTIFIER = snappFA.BottomSheetTests;
				PRODUCT_NAME = "$(TARGET_NAME)";
				SWIFT_VERSION = 4.2;
				TARGETED_DEVICE_FAMILY = "1,2";
				TEST_HOST = "$(BUILT_PRODUCTS_DIR)/BottomSheet.app/BottomSheet";
			};
			name = Release;
		};
/* End XCBuildConfiguration section */

/* Begin XCConfigurationList section */
		C42907BA220DF2F900FC2D07 /* Build configuration list for PBXProject "BottomSheet" */ = {
			isa = XCConfigurationList;
			buildConfigurations = (
				C42907DA220DF2FB00FC2D07 /* Debug */,
				C42907DB220DF2FB00FC2D07 /* Release */,
			);
			defaultConfigurationIsVisible = 0;
			defaultConfigurationName = Release;
		};
		C42907DC220DF2FB00FC2D07 /* Build configuration list for PBXNativeTarget "BottomSheet" */ = {
			isa = XCConfigurationList;
			buildConfigurations = (
				C42907DD220DF2FB00FC2D07 /* Debug */,
				C42907DE220DF2FB00FC2D07 /* Release */,
			);
			defaultConfigurationIsVisible = 0;
			defaultConfigurationName = Release;
		};
		C42907DF220DF2FB00FC2D07 /* Build configuration list for PBXNativeTarget "BottomSheetTests" */ = {
			isa = XCConfigurationList;
			buildConfigurations = (
				C42907E0220DF2FB00FC2D07 /* Debug */,
				C42907E1220DF2FB00FC2D07 /* Release */,
			);
			defaultConfigurationIsVisible = 0;
			defaultConfigurationName = Release;
		};
/* End XCConfigurationList section */
	};
	rootObject = C42907B7220DF2F900FC2D07 /* Project object */;
}
